
Microsoft Visual Studio Solution File, Format Version 12.00
# Visual Studio Version 17
VisualStudioVersion = 17.3.32929.385
MinimumVisualStudioVersion = 10.0.40219.1
Project("{FAE04EC0-301F-11D3-BF4B-00C04F79EFBC}") = "ImageUploadRetrieveDeleteProject", "ImageUploadRetrieveDeleteProject\ImageUploadRetrieveDeleteProject.csproj", "{073E6E28-43F4-4D4F-AF88-9D322C12E6C6}"
EndProject
Global
	GlobalSection(SolutionConfigurationPlatforms) = preSolution
		Debug|Any CPU = Debug|Any CPU
		Release|Any CPU = Release|Any CPU
	EndGlobalSection
	GlobalSection(ProjectConfigurationPlatforms) = postSolution
		{073E6E28-43F4-4D4F-AF88-9D322C12E6C6}.Debug|Any CPU.ActiveCfg = Debug|Any CPU
		{073E6E28-43F4-4D4F-AF88-9D322C12E6C6}.Debug|Any CPU.Build.0 = Debug|Any CPU
		{073E6E28-43F4-4D4F-AF88-9D322C12E6C6}.Release|Any CPU.ActiveCfg = Release|Any CPU
		{073E6E28-43F4-4D4F-AF88-9D322C12E6C6}.Release|Any CPU.Build.0 = Release|Any CPU
	EndGlobalSection
	GlobalSection(SolutionProperties) = preSolution
		HideSolutionNode = FALSE
	EndGlobalSection
	GlobalSection(ExtensibilityGlobals) = postSolution
		SolutionGuid = {FD7D0341-7043-4CD7-8C67-081239693DBD}
	EndGlobalSection
EndGlobal
